
Microsoft Visual Studio Solution File, Format Version 12.00
# Visual Studio Version 16
VisualStudioVersion = 16.0.30503.244
MinimumVisualStudioVersion = 10.0.40219.1
Project("{FAE04EC0-301F-11D3-BF4B-00C04F79EFBC}") = "Laba11.2", "Laba11.2\Laba11.2.csproj", "{1A6EF4ED-66C4-4CBD-9643-28FE674D56C9}"
EndProject
Global
	GlobalSection(SolutionConfigurationPlatforms) = preSolution
		Debug|Any CPU = Debug|Any CPU
		Release|Any CPU = Release|Any CPU
	EndGlobalSection
	GlobalSection(ProjectConfigurationPlatforms) = postSolution
		{1A6EF4ED-66C4-4CBD-9643-28FE674D56C9}.Debug|Any CPU.ActiveCfg = Debug|Any CPU
		{1A6EF4ED-66C4-4CBD-9643-28FE674D56C9}.Debug|Any CPU.Build.0 = Debug|Any CPU
		{1A6EF4ED-66C4-4CBD-9643-28FE674D56C9}.Release|Any CPU.ActiveCfg = Release|Any CPU
		{1A6EF4ED-66C4-4CBD-9643-28FE674D56C9}.Release|Any CPU.Build.0 = Release|Any CPU
	EndGlobalSection
	GlobalSection(SolutionProperties) = preSolution
		HideSolutionNode = FALSE
	EndGlobalSection
	GlobalSection(ExtensibilityGlobals) = postSolution
		SolutionGuid = {65915DD7-D82F-474B-84EA-47B714096123}
	EndGlobalSection
EndGlobal
